{
    "_readme": [
        "This file locks the dependencies of your project to a known state",
        "Read more about it at https://getcomposer.org/doc/01-basic-usage.md#installing-dependencies",
        "This file is @generated automatically"
    ],
    "content-hash": "688ea14f90f62112b4c303adb876bc39",
    "packages": [
        {
            "name": "pdfcrowd/pdfcrowd",
            "version": "5.1.0",
            "source": {
                "type": "git",
                "url": "https://github.com/pdfcrowd/pdfcrowd-php.git",
                "reference": "db7ddfdded003486a536207a6b6a2de6e8cdb306"
            },
            "dist": {
                "type": "zip",
                "url": "https://api.github.com/repos/pdfcrowd/pdfcrowd-php/zipball/db7ddfdded003486a536207a6b6a2de6e8cdb306",
                "reference": "db7ddfdded003486a536207a6b6a2de6e8cdb306",
                "shasum": ""
            },
            "require": {
                "ext-curl": "*",
                "php": ">=5.3.10"
            },
            "type": "library",
            "autoload": {
                "classmap": [
                    "pdfcrowd.php"
                ]
            },
            "notification-url": "https://packagist.org/downloads/",
            "license": [
                "MIT"
            ],
            "authors": [
                {
                    "name": "Pdfcrowd Team",
                    "email": "support@pdfcrowd.com",
                    "homepage": "https://pdfcrowd.com/doc/api/"
                }
            ],
            "description": "A client library for the Pdfcrowd API. It lets you convert between HTML, PDF and various image formats",
            "homepage": "https://pdfcrowd.com/doc/api/",
            "keywords": [
                "api",
                "client",
                "convert",
                "html",
                "pdf",
                "web page",
                "web service"
            ],
            "support": {
                "issues": "https://github.com/pdfcrowd/pdfcrowd-php/issues",
                "source": "https://github.com/pdfcrowd/pdfcrowd-php/tree/5.1.0"
            },
            "time": "2021-04-14T13:21:19+00:00"
        }
    ],
    "packages-dev": [],
    "aliases": [],
    "minimum-stability": "stable",
    "stability-flags": [],
    "prefer-stable": false,
    "prefer-lowest": false,
    "platform": {
        "php": ">=5.5.0"
    },
    "platform-dev": [],
    "plugin-api-version": "2.0.0"
}
