{
    "_readme": [
        "This file locks the dependencies of your project to a known state",
        "Read more about it at https://getcomposer.org/doc/01-basic-usage.md#installing-dependencies",
        "This file is @generated automatically"
    ],
    "content-hash": "ff827edbe825141b4f416b2f7a2dba9b",
    "packages": [
        {
            "name": "pdfcrowd/pdfcrowd",
            "version": "5.6.0",
            "source": {
                "type": "git",
                "url": "https://github.com/pdfcrowd/pdfcrowd-php.git",
                "reference": "27af42bac28782525c833af9ce35ec2e1684a0f5"
            },
            "dist": {
                "type": "zip",
                "url": "https://api.github.com/repos/pdfcrowd/pdfcrowd-php/zipball/27af42bac28782525c833af9ce35ec2e1684a0f5",
                "reference": "27af42bac28782525c833af9ce35ec2e1684a0f5",
                "shasum": ""
            },
            "require": {
                "ext-curl": "*",
                "php": ">=5.3.10"
            },
            "type": "library",
            "autoload": {
                "classmap": [
                    "pdfcrowd.php"
                ]
            },
            "notification-url": "https://packagist.org/downloads/",
            "license": [
                "MIT"
            ],
            "authors": [
                {
                    "name": "Pdfcrowd Team",
                    "email": "support@pdfcrowd.com",
                    "homepage": "https://pdfcrowd.com/doc/api/"
                }
            ],
            "description": "A client library for the Pdfcrowd API. It lets you convert between HTML, PDF and various image formats",
            "homepage": "https://pdfcrowd.com/doc/api/",
            "keywords": [
                "api",
                "client",
                "convert",
                "html",
                "pdf",
                "web page",
                "web service"
            ],
            "time": "2022-05-19T12:59:12+00:00"
        }
    ],
    "packages-dev": [],
    "aliases": [],
    "minimum-stability": "stable",
    "stability-flags": [],
    "prefer-stable": false,
    "prefer-lowest": false,
    "platform": {
        "php": ">=7.1.0"
    },
    "platform-dev": [],
    "plugin-api-version": "1.1.0"
}
