{
    "_readme": [
        "This file locks the dependencies of your project to a known state",
        "Read more about it at https://getcomposer.org/doc/01-basic-usage.md#composer-lock-the-lock-file",
        "This file is @generated automatically"
    ],
    "content-hash": "834ac1e0d5624296ead99ecf0af0c578",
    "packages": [
        {
            "name": "pdfcrowd/pdfcrowd",
            "version": "4.7.0",
            "source": {
                "type": "git",
                "url": "https://github.com/pdfcrowd/pdfcrowd-php.git",
                "reference": "0e06c61c6f76c9b6cfa7f743f480f27f4106fd56"
            },
            "dist": {
                "type": "zip",
                "url": "https://api.github.com/repos/pdfcrowd/pdfcrowd-php/zipball/0e06c61c6f76c9b6cfa7f743f480f27f4106fd56",
                "reference": "0e06c61c6f76c9b6cfa7f743f480f27f4106fd56",
                "shasum": ""
            },
            "require": {
                "ext-curl": "*",
                "php": ">=5.3.10"
            },
            "type": "library",
            "autoload": {
                "classmap": [
                    "pdfcrowd.php"
                ]
            },
            "notification-url": "https://packagist.org/downloads/",
            "license": [
                "MIT"
            ],
            "authors": [
                {
                    "name": "Pdfcrowd Team",
                    "email": "support@pdfcrowd.com",
                    "homepage": "https://pdfcrowd.com/doc/api/"
                }
            ],
            "description": "A client library for the Pdfcrowd API. It lets you convert between HTML, PDF and various image formats",
            "homepage": "https://pdfcrowd.com/doc/api/",
            "keywords": [
                "api",
                "client",
                "convert",
                "html",
                "pdf",
                "web page",
                "web service"
            ],
            "time": "2019-03-21T08:08:33+00:00"
        }
    ],
    "packages-dev": [],
    "aliases": [],
    "minimum-stability": "stable",
    "stability-flags": [],
    "prefer-stable": false,
    "prefer-lowest": false,
    "platform": {
        "php": ">=5.5.0"
    },
    "platform-dev": []
}
